
Microsoft Visual Studio Solution File, Format Version 12.00
# Visual Studio Version 16
VisualStudioVersion = 16.0.31624.102
MinimumVisualStudioVersion = 10.0.40219.1
Project("{FAE04EC0-301F-11D3-BF4B-00C04F79EFBC}") = "FibonacciSequence", "FibonacciSequence\FibonacciSequence.csproj", "{B6FFA1D5-50C4-403E-BD59-9F303F58B1C3}"
EndProject
Global
	GlobalSection(SolutionConfigurationPlatforms) = preSolution
		Debug|Any CPU = Debug|Any CPU
		Release|Any CPU = Release|Any CPU
	EndGlobalSection
	GlobalSection(ProjectConfigurationPlatforms) = postSolution
		{B6FFA1D5-50C4-403E-BD59-9F303F58B1C3}.Debug|Any CPU.ActiveCfg = Debug|Any CPU
		{B6FFA1D5-50C4-403E-BD59-9F303F58B1C3}.Debug|Any CPU.Build.0 = Debug|Any CPU
		{B6FFA1D5-50C4-403E-BD59-9F303F58B1C3}.Release|Any CPU.ActiveCfg = Release|Any CPU
		{B6FFA1D5-50C4-403E-BD59-9F303F58B1C3}.Release|Any CPU.Build.0 = Release|Any CPU
	EndGlobalSection
	GlobalSection(SolutionProperties) = preSolution
		HideSolutionNode = FALSE
	EndGlobalSection
	GlobalSection(ExtensibilityGlobals) = postSolution
		SolutionGuid = {D17B027D-50D3-45D7-8934-D76A62D06B46}
	EndGlobalSection
EndGlobal
